
Microsoft Visual Studio Solution File, Format Version 12.00
# Visual Studio 15
VisualStudioVersion = 15.0.27428.2043
MinimumVisualStudioVersion = 10.0.40219.1
Project("{9A19103F-16F7-4668-BE54-9A1E7A4F7556}") = "BoatApi", "BoatApi\BoatApi.csproj", "{B91A6512-343E-4E28-BA1A-353D94A46068}"
EndProject
Global
	GlobalSection(SolutionConfigurationPlatforms) = preSolution
		Debug|Any CPU = Debug|Any CPU
		Release|Any CPU = Release|Any CPU
	EndGlobalSection
	GlobalSection(ProjectConfigurationPlatforms) = postSolution
		{B91A6512-343E-4E28-BA1A-353D94A46068}.Debug|Any CPU.ActiveCfg = Debug|Any CPU
		{B91A6512-343E-4E28-BA1A-353D94A46068}.Debug|Any CPU.Build.0 = Debug|Any CPU
		{B91A6512-343E-4E28-BA1A-353D94A46068}.Release|Any CPU.ActiveCfg = Release|Any CPU
		{B91A6512-343E-4E28-BA1A-353D94A46068}.Release|Any CPU.Build.0 = Release|Any CPU
	EndGlobalSection
	GlobalSection(SolutionProperties) = preSolution
		HideSolutionNode = FALSE
	EndGlobalSection
	GlobalSection(ExtensibilityGlobals) = postSolution
		SolutionGuid = {034EC828-AAEA-4E88-A05F-2AFA360BA06B}
	EndGlobalSection
EndGlobal
